
Microsoft Visual Studio Solution File, Format Version 12.00
# Visual Studio Version 16
VisualStudioVersion = 16.0.30711.63
MinimumVisualStudioVersion = 10.0.40219.1
Project("{9A19103F-16F7-4668-BE54-9A1E7A4F7556}") = "MuscleMemory.NET", "MuscleMemory.NET\MuscleMemory.NET.csproj", "{E9F61617-BBE4-4998-8A50-C1DDC587A544}"
EndProject
Project("{9A19103F-16F7-4668-BE54-9A1E7A4F7556}") = "Candle.NET", "..\..\Candle.NET\Candle.NET\Candle.NET.csproj", "{F89EE8AC-C7C8-4528-897E-FDA5E0BAEE70}"
EndProject
Project("{8BC9CEB8-8B4A-11D0-8D11-00A0C91BC942}") = "Candle", "..\..\Candle.NET\Candle\Candle.vcxproj", "{7979386C-6095-41EC-98BA-10DB979A384D}"
EndProject
Project("{FAE04EC0-301F-11D3-BF4B-00C04F79EFBC}") = "VVVV.MuscleMemory", "VVVV.MuscleMemory\VVVV.MuscleMemory.csproj", "{95208C19-8A9E-4D76-9447-07C7E30FE58A}"
EndProject
Project("{9A19103F-16F7-4668-BE54-9A1E7A4F7556}") = "TestFindMotors", "TestFindMotors\TestFindMotors.csproj", "{FD13876E-8266-478D-B20D-7DE7C9B5DFB1}"
EndProject
Project("{9A19103F-16F7-4668-BE54-9A1E7A4F7556}") = "TestForceSendToMany", "TestForceSendToMany\TestForceSendToMany.csproj", "{643A4CB6-F903-4B8C-B1CA-DE9FB0B47604}"
EndProject
Project("{9A19103F-16F7-4668-BE54-9A1E7A4F7556}") = "TestSendToMany", "TestSendToMany\TestSendToMany.csproj", "{F4A1DFBA-49F4-40D9-A010-E06C39FE3A75}"
EndProject
Project("{9A19103F-16F7-4668-BE54-9A1E7A4F7556}") = "TestSendTooMuch", "TestSendTooMuch\TestSendTooMuch.csproj", "{31F9D7E3-251E-4290-819F-DED3634C4CE8}"
EndProject
Project("{9A19103F-16F7-4668-BE54-9A1E7A4F7556}") = "GCAN", "GCAN\GCAN.csproj", "{64E55D86-E129-42DB-8516-4D982EDA47FE}"
EndProject
Global
	GlobalSection(SolutionConfigurationPlatforms) = preSolution
		Debug|x64 = Debug|x64
		Release|x64 = Release|x64
	EndGlobalSection
	GlobalSection(ProjectConfigurationPlatforms) = postSolution
		{E9F61617-BBE4-4998-8A50-C1DDC587A544}.Debug|x64.ActiveCfg = Debug|x64
		{E9F61617-BBE4-4998-8A50-C1DDC587A544}.Debug|x64.Build.0 = Debug|x64
		{E9F61617-BBE4-4998-8A50-C1DDC587A544}.Release|x64.ActiveCfg = Release|x64
		{E9F61617-BBE4-4998-8A50-C1DDC587A544}.Release|x64.Build.0 = Release|x64
		{F89EE8AC-C7C8-4528-897E-FDA5E0BAEE70}.Debug|x64.ActiveCfg = Debug|x64
		{F89EE8AC-C7C8-4528-897E-FDA5E0BAEE70}.Debug|x64.Build.0 = Debug|x64
		{F89EE8AC-C7C8-4528-897E-FDA5E0BAEE70}.Release|x64.ActiveCfg = Release|x64
		{F89EE8AC-C7C8-4528-897E-FDA5E0BAEE70}.Release|x64.Build.0 = Release|x64
		{7979386C-6095-41EC-98BA-10DB979A384D}.Debug|x64.ActiveCfg = Debug|x64
		{7979386C-6095-41EC-98BA-10DB979A384D}.Debug|x64.Build.0 = Debug|x64
		{7979386C-6095-41EC-98BA-10DB979A384D}.Release|x64.ActiveCfg = Release|x64
		{7979386C-6095-41EC-98BA-10DB979A384D}.Release|x64.Build.0 = Release|x64
		{95208C19-8A9E-4D76-9447-07C7E30FE58A}.Debug|x64.ActiveCfg = Debug|Any CPU
		{95208C19-8A9E-4D76-9447-07C7E30FE58A}.Debug|x64.Build.0 = Debug|Any CPU
		{95208C19-8A9E-4D76-9447-07C7E30FE58A}.Release|x64.ActiveCfg = Release|Any CPU
		{95208C19-8A9E-4D76-9447-07C7E30FE58A}.Release|x64.Build.0 = Release|Any CPU
		{FD13876E-8266-478D-B20D-7DE7C9B5DFB1}.Debug|x64.ActiveCfg = Debug|x64
		{FD13876E-8266-478D-B20D-7DE7C9B5DFB1}.Debug|x64.Build.0 = Debug|x64
		{FD13876E-8266-478D-B20D-7DE7C9B5DFB1}.Release|x64.ActiveCfg = Release|x64
		{FD13876E-8266-478D-B20D-7DE7C9B5DFB1}.Release|x64.Build.0 = Release|x64
		{643A4CB6-F903-4B8C-B1CA-DE9FB0B47604}.Debug|x64.ActiveCfg = Debug|x64
		{643A4CB6-F903-4B8C-B1CA-DE9FB0B47604}.Debug|x64.Build.0 = Debug|x64
		{643A4CB6-F903-4B8C-B1CA-DE9FB0B47604}.Release|x64.ActiveCfg = Release|x64
		{643A4CB6-F903-4B8C-B1CA-DE9FB0B47604}.Release|x64.Build.0 = Release|x64
		{F4A1DFBA-49F4-40D9-A010-E06C39FE3A75}.Debug|x64.ActiveCfg = Debug|x64
		{F4A1DFBA-49F4-40D9-A010-E06C39FE3A75}.Debug|x64.Build.0 = Debug|x64
		{F4A1DFBA-49F4-40D9-A010-E06C39FE3A75}.Release|x64.ActiveCfg = Release|x64
		{F4A1DFBA-49F4-40D9-A010-E06C39FE3A75}.Release|x64.Build.0 = Release|x64
		{31F9D7E3-251E-4290-819F-DED3634C4CE8}.Debug|x64.ActiveCfg = Debug|x64
		{31F9D7E3-251E-4290-819F-DED3634C4CE8}.Debug|x64.Build.0 = Debug|x64
		{31F9D7E3-251E-4290-819F-DED3634C4CE8}.Release|x64.ActiveCfg = Release|x64
		{31F9D7E3-251E-4290-819F-DED3634C4CE8}.Release|x64.Build.0 = Release|x64
		{64E55D86-E129-42DB-8516-4D982EDA47FE}.Debug|x64.ActiveCfg = Debug|Any CPU
		{64E55D86-E129-42DB-8516-4D982EDA47FE}.Debug|x64.Build.0 = Debug|Any CPU
		{64E55D86-E129-42DB-8516-4D982EDA47FE}.Release|x64.ActiveCfg = Release|Any CPU
		{64E55D86-E129-42DB-8516-4D982EDA47FE}.Release|x64.Build.0 = Release|Any CPU
	EndGlobalSection
	GlobalSection(SolutionProperties) = preSolution
		HideSolutionNode = FALSE
	EndGlobalSection
	GlobalSection(ExtensibilityGlobals) = postSolution
		SolutionGuid = {CBBBA3C6-9448-44DF-BF4C-DACB8EAE14CC}
	EndGlobalSection
EndGlobal
